
Microsoft Visual Studio Solution File, Format Version 12.00
# Visual Studio Version 16
VisualStudioVersion = 16.0.29326.143
MinimumVisualStudioVersion = 10.0.40219.1
Project("{9A19103F-16F7-4668-BE54-9A1E7A4F7556}") = "hostingService", "hostingService\hostingService.csproj", "{D4F002DE-3B93-495E-B832-4A12FAA036B9}"
EndProject
Project("{9A19103F-16F7-4668-BE54-9A1E7A4F7556}") = "registryCenter", "registryCenter\registryCenter.csproj", "{AC6E789D-B8D3-4278-9FA6-ECF3D12C2F89}"
EndProject
Project("{9A19103F-16F7-4668-BE54-9A1E7A4F7556}") = "AnnoWeb", "AnnoWeb\AnnoWeb.csproj", "{15F3B8C0-700D-4013-A2AF-1D4C18B578AF}"
EndProject
Project("{2150E333-8FDC-42A3-9474-1A3956D46DE8}") = "Packages", "Packages", "{B0F007E1-3A70-40D0-BBB4-29463DB72883}"
EndProject
Project("{2150E333-8FDC-42A3-9474-1A3956D46DE8}") = "Trace", "Trace", "{E5F1CE48-7EA5-4EC2-8E0D-1F8161D05F9B}"
EndProject
Project("{2150E333-8FDC-42A3-9474-1A3956D46DE8}") = "Builder", "Builder", "{274A952F-7E40-47E2-B48B-B65ADE61D371}"
	ProjectSection(SolutionItems) = preProject
		Directory.Build.props = Directory.Build.props
		README.md = README.md
	EndProjectSection
EndProject
Project("{2150E333-8FDC-42A3-9474-1A3956D46DE8}") = "Test", "Test", "{B1B9595A-946B-4BAB-B8DE-357525B2B9C7}"
EndProject
Project("{9A19103F-16F7-4668-BE54-9A1E7A4F7556}") = "XUnitTest", "Test\XUnitTest\XUnitTest.csproj", "{685F12DA-E8B0-4F7D-B2FA-020E8BF88557}"
EndProject
Project("{9A19103F-16F7-4668-BE54-9A1E7A4F7556}") = "ConsoleTest", "Test\ConsoleTest\ConsoleTest.csproj", "{C4A429DE-4086-4F48-977E-F2D898645964}"
EndProject
Project("{9A19103F-16F7-4668-BE54-9A1E7A4F7556}") = "Anno.Plugs.CacheRateLimitService", "Packages\Trace\Anno.Plugs.CacheRateLimitService\Anno.Plugs.CacheRateLimitService.csproj", "{AF1CDD0D-E3F0-49C4-89D5-9C977C8D79AA}"
EndProject
Project("{9A19103F-16F7-4668-BE54-9A1E7A4F7556}") = "Anno.Plugs.DLockService", "Packages\Anno.Plugs.DLockService\Anno.Plugs.DLockService.csproj", "{EC3744B8-6AE2-4F96-A2DA-C0C5155C056D}"
EndProject
Project("{9A19103F-16F7-4668-BE54-9A1E7A4F7556}") = "Anno.Plugs.EsLogService", "Packages\Anno.Plugs.EsLogService\Anno.Plugs.EsLogService.csproj", "{B3092486-FF3E-4532-B638-1144DA6226D9}"
EndProject
Project("{9A19103F-16F7-4668-BE54-9A1E7A4F7556}") = "Anno.Plugs.SerialRuleService", "Packages\Anno.Plugs.SerialRuleService\Anno.Plugs.SerialRuleService.csproj", "{DD2D9119-CAFC-4CEA-A9B5-8EB40F1E9593}"
EndProject
Project("{2150E333-8FDC-42A3-9474-1A3956D46DE8}") = "Report", "Report", "{E1D43ADE-5209-4502-8042-E4F0DFEEE06D}"
EndProject
Project("{9A19103F-16F7-4668-BE54-9A1E7A4F7556}") = "Anno.Plugs.ReportService", "Packages\Report\Anno.Plugs.ReportService\Anno.Plugs.ReportService.csproj", "{E36A8ED1-1227-4C1B-AAFF-32486B00D20D}"
EndProject
Project("{2150E333-8FDC-42A3-9474-1A3956D46DE8}") = "Component", "Component", "{62BC4E74-1F11-4E99-B99A-F58168B1C43B}"
EndProject
Project("{9A19103F-16F7-4668-BE54-9A1E7A4F7556}") = "Anno.Command", "Packages\Component\Anno.Command\Anno.Command.csproj", "{15C574CB-C5AC-4DDA-9884-35FC94CA667D}"
EndProject
Project("{9A19103F-16F7-4668-BE54-9A1E7A4F7556}") = "Anno.Command.Handler", "Packages\Component\Anno.Command.Handler\Anno.Command.Handler.csproj", "{2ADDC8F6-2D97-444D-93E0-1B4F6881F994}"
EndProject
Project("{9A19103F-16F7-4668-BE54-9A1E7A4F7556}") = "Anno.Domain", "Packages\Component\Anno.Domain\Anno.Domain.csproj", "{87435424-1A32-44A8-9A08-2A6C866DB4EB}"
EndProject
Project("{9A19103F-16F7-4668-BE54-9A1E7A4F7556}") = "Anno.Domain.Dto", "Packages\Component\Anno.Domain.Dto\Anno.Domain.Dto.csproj", "{71350DEB-3224-428F-B982-E7E595379E80}"
EndProject
Project("{9A19103F-16F7-4668-BE54-9A1E7A4F7556}") = "Anno.Model", "Packages\Component\Anno.Model\Anno.Model.csproj", "{25B52894-DD26-4621-A354-6B6D6143204B}"
EndProject
Project("{9A19103F-16F7-4668-BE54-9A1E7A4F7556}") = "Anno.Repository", "Packages\Component\Anno.Repository\Anno.Repository.csproj", "{D777B017-72C8-4319-8EC9-4B836B4F4696}"
EndProject
Project("{2150E333-8FDC-42A3-9474-1A3956D46DE8}") = "Service", "Service", "{938388CA-9C83-48D5-970E-6660292A9027}"
EndProject
Project("{9A19103F-16F7-4668-BE54-9A1E7A4F7556}") = "Anno.Plugs.LogicService", "Packages\Component\Service\Anno.Plugs.LogicService\Anno.Plugs.LogicService.csproj", "{636A6238-EECA-41BA-B5F7-FBE5579970B3}"
EndProject
Project("{9A19103F-16F7-4668-BE54-9A1E7A4F7556}") = "Anno.Plugs.TraceService", "Packages\Component\Service\Anno.Plugs.TraceService\Anno.Plugs.TraceService.csproj", "{0856F801-58D9-4578-BB1E-A92A4737EFAC}"
EndProject
Project("{9A19103F-16F7-4668-BE54-9A1E7A4F7556}") = "Anno.QueryServices", "Packages\Component\Service\Anno.QueryServices\Anno.QueryServices.csproj", "{120C603A-82C4-45AE-B58D-38B9AB82C159}"
EndProject
Project("{2150E333-8FDC-42A3-9474-1A3956D46DE8}") = "Common", "Common", "{81F02216-E906-4CEE-A9E4-B9E74444B896}"
EndProject
Project("{9A19103F-16F7-4668-BE54-9A1E7A4F7556}") = "Anno.Npoi", "Common\Anno.Npoi\Anno.Npoi.csproj", "{3F0BA954-A534-404D-ACAC-C7C0D479A178}"
EndProject
Project("{9A19103F-16F7-4668-BE54-9A1E7A4F7556}") = "Anno.Redis", "Common\Anno.Redis\Anno.Redis.csproj", "{2F2DE8FB-6F8E-428E-83C2-474D32214D56}"
EndProject
Project("{9A19103F-16F7-4668-BE54-9A1E7A4F7556}") = "Anno.Infrastructure", "Common\Anno.Infrastructure\Anno.Infrastructure.csproj", "{2FF7332B-EE5F-47BE-A886-BBABE73BA667}"
EndProject
Project("{9A19103F-16F7-4668-BE54-9A1E7A4F7556}") = "Anno.Common", "Common\Anno.Common\Anno.Common.csproj", "{87091B0E-8CB6-4469-BAAE-C2C4379E2E78}"
EndProject
Project("{9A19103F-16F7-4668-BE54-9A1E7A4F7556}") = "Anno.CommandBus", "Common\Anno.CommandBus\Anno.CommandBus.csproj", "{F3B88281-236F-4B2D-A15C-7F08AF300383}"
EndProject
Project("{9A19103F-16F7-4668-BE54-9A1E7A4F7556}") = "Anno.Es", "Common\Anno.Es\Anno.Es.csproj", "{AA1FE3D7-F3C2-450B-B779-C14E33FB6270}"
EndProject
Global
	GlobalSection(SolutionConfigurationPlatforms) = preSolution
		Debug|Any CPU = Debug|Any CPU
		Release|Any CPU = Release|Any CPU
	EndGlobalSection
	GlobalSection(ProjectConfigurationPlatforms) = postSolution
		{D4F002DE-3B93-495E-B832-4A12FAA036B9}.Debug|Any CPU.ActiveCfg = Debug|Any CPU
		{D4F002DE-3B93-495E-B832-4A12FAA036B9}.Debug|Any CPU.Build.0 = Debug|Any CPU
		{D4F002DE-3B93-495E-B832-4A12FAA036B9}.Release|Any CPU.ActiveCfg = Release|Any CPU
		{D4F002DE-3B93-495E-B832-4A12FAA036B9}.Release|Any CPU.Build.0 = Release|Any CPU
		{AC6E789D-B8D3-4278-9FA6-ECF3D12C2F89}.Debug|Any CPU.ActiveCfg = Debug|Any CPU
		{AC6E789D-B8D3-4278-9FA6-ECF3D12C2F89}.Debug|Any CPU.Build.0 = Debug|Any CPU
		{AC6E789D-B8D3-4278-9FA6-ECF3D12C2F89}.Release|Any CPU.ActiveCfg = Release|Any CPU
		{AC6E789D-B8D3-4278-9FA6-ECF3D12C2F89}.Release|Any CPU.Build.0 = Release|Any CPU
		{15F3B8C0-700D-4013-A2AF-1D4C18B578AF}.Debug|Any CPU.ActiveCfg = Debug|Any CPU
		{15F3B8C0-700D-4013-A2AF-1D4C18B578AF}.Debug|Any CPU.Build.0 = Debug|Any CPU
		{15F3B8C0-700D-4013-A2AF-1D4C18B578AF}.Release|Any CPU.ActiveCfg = Release|Any CPU
		{15F3B8C0-700D-4013-A2AF-1D4C18B578AF}.Release|Any CPU.Build.0 = Release|Any CPU
		{685F12DA-E8B0-4F7D-B2FA-020E8BF88557}.Debug|Any CPU.ActiveCfg = Debug|Any CPU
		{685F12DA-E8B0-4F7D-B2FA-020E8BF88557}.Debug|Any CPU.Build.0 = Debug|Any CPU
		{685F12DA-E8B0-4F7D-B2FA-020E8BF88557}.Release|Any CPU.ActiveCfg = Release|Any CPU
		{685F12DA-E8B0-4F7D-B2FA-020E8BF88557}.Release|Any CPU.Build.0 = Release|Any CPU
		{C4A429DE-4086-4F48-977E-F2D898645964}.Debug|Any CPU.ActiveCfg = Debug|Any CPU
		{C4A429DE-4086-4F48-977E-F2D898645964}.Debug|Any CPU.Build.0 = Debug|Any CPU
		{C4A429DE-4086-4F48-977E-F2D898645964}.Release|Any CPU.ActiveCfg = Release|Any CPU
		{C4A429DE-4086-4F48-977E-F2D898645964}.Release|Any CPU.Build.0 = Release|Any CPU
		{AF1CDD0D-E3F0-49C4-89D5-9C977C8D79AA}.Debug|Any CPU.ActiveCfg = Debug|Any CPU
		{AF1CDD0D-E3F0-49C4-89D5-9C977C8D79AA}.Debug|Any CPU.Build.0 = Debug|Any CPU
		{AF1CDD0D-E3F0-49C4-89D5-9C977C8D79AA}.Release|Any CPU.ActiveCfg = Release|Any CPU
		{AF1CDD0D-E3F0-49C4-89D5-9C977C8D79AA}.Release|Any CPU.Build.0 = Release|Any CPU
		{EC3744B8-6AE2-4F96-A2DA-C0C5155C056D}.Debug|Any CPU.ActiveCfg = Debug|Any CPU
		{EC3744B8-6AE2-4F96-A2DA-C0C5155C056D}.Debug|Any CPU.Build.0 = Debug|Any CPU
		{EC3744B8-6AE2-4F96-A2DA-C0C5155C056D}.Release|Any CPU.ActiveCfg = Release|Any CPU
		{EC3744B8-6AE2-4F96-A2DA-C0C5155C056D}.Release|Any CPU.Build.0 = Release|Any CPU
		{B3092486-FF3E-4532-B638-1144DA6226D9}.Debug|Any CPU.ActiveCfg = Debug|Any CPU
		{B3092486-FF3E-4532-B638-1144DA6226D9}.Debug|Any CPU.Build.0 = Debug|Any CPU
		{B3092486-FF3E-4532-B638-1144DA6226D9}.Release|Any CPU.ActiveCfg = Release|Any CPU
		{B3092486-FF3E-4532-B638-1144DA6226D9}.Release|Any CPU.Build.0 = Release|Any CPU
		{DD2D9119-CAFC-4CEA-A9B5-8EB40F1E9593}.Debug|Any CPU.ActiveCfg = Debug|Any CPU
		{DD2D9119-CAFC-4CEA-A9B5-8EB40F1E9593}.Debug|Any CPU.Build.0 = Debug|Any CPU
		{DD2D9119-CAFC-4CEA-A9B5-8EB40F1E9593}.Release|Any CPU.ActiveCfg = Release|Any CPU
		{DD2D9119-CAFC-4CEA-A9B5-8EB40F1E9593}.Release|Any CPU.Build.0 = Release|Any CPU
		{E36A8ED1-1227-4C1B-AAFF-32486B00D20D}.Debug|Any CPU.ActiveCfg = Debug|Any CPU
		{E36A8ED1-1227-4C1B-AAFF-32486B00D20D}.Debug|Any CPU.Build.0 = Debug|Any CPU
		{E36A8ED1-1227-4C1B-AAFF-32486B00D20D}.Release|Any CPU.ActiveCfg = Release|Any CPU
		{E36A8ED1-1227-4C1B-AAFF-32486B00D20D}.Release|Any CPU.Build.0 = Release|Any CPU
		{15C574CB-C5AC-4DDA-9884-35FC94CA667D}.Debug|Any CPU.ActiveCfg = Debug|Any CPU
		{15C574CB-C5AC-4DDA-9884-35FC94CA667D}.Debug|Any CPU.Build.0 = Debug|Any CPU
		{15C574CB-C5AC-4DDA-9884-35FC94CA667D}.Release|Any CPU.ActiveCfg = Release|Any CPU
		{15C574CB-C5AC-4DDA-9884-35FC94CA667D}.Release|Any CPU.Build.0 = Release|Any CPU
		{2ADDC8F6-2D97-444D-93E0-1B4F6881F994}.Debug|Any CPU.ActiveCfg = Debug|Any CPU
		{2ADDC8F6-2D97-444D-93E0-1B4F6881F994}.Debug|Any CPU.Build.0 = Debug|Any CPU
		{2ADDC8F6-2D97-444D-93E0-1B4F6881F994}.Release|Any CPU.ActiveCfg = Release|Any CPU
		{2ADDC8F6-2D97-444D-93E0-1B4F6881F994}.Release|Any CPU.Build.0 = Release|Any CPU
		{87435424-1A32-44A8-9A08-2A6C866DB4EB}.Debug|Any CPU.ActiveCfg = Debug|Any CPU
		{87435424-1A32-44A8-9A08-2A6C866DB4EB}.Debug|Any CPU.Build.0 = Debug|Any CPU
		{87435424-1A32-44A8-9A08-2A6C866DB4EB}.Release|Any CPU.ActiveCfg = Release|Any CPU
		{87435424-1A32-44A8-9A08-2A6C866DB4EB}.Release|Any CPU.Build.0 = Release|Any CPU
		{71350DEB-3224-428F-B982-E7E595379E80}.Debug|Any CPU.ActiveCfg = Debug|Any CPU
		{71350DEB-3224-428F-B982-E7E595379E80}.Debug|Any CPU.Build.0 = Debug|Any CPU
		{71350DEB-3224-428F-B982-E7E595379E80}.Release|Any CPU.ActiveCfg = Release|Any CPU
		{71350DEB-3224-428F-B982-E7E595379E80}.Release|Any CPU.Build.0 = Release|Any CPU
		{25B52894-DD26-4621-A354-6B6D6143204B}.Debug|Any CPU.ActiveCfg = Debug|Any CPU
		{25B52894-DD26-4621-A354-6B6D6143204B}.Debug|Any CPU.Build.0 = Debug|Any CPU
		{25B52894-DD26-4621-A354-6B6D6143204B}.Release|Any CPU.ActiveCfg = Release|Any CPU
		{25B52894-DD26-4621-A354-6B6D6143204B}.Release|Any CPU.Build.0 = Release|Any CPU
		{D777B017-72C8-4319-8EC9-4B836B4F4696}.Debug|Any CPU.ActiveCfg = Debug|Any CPU
		{D777B017-72C8-4319-8EC9-4B836B4F4696}.Debug|Any CPU.Build.0 = Debug|Any CPU
		{D777B017-72C8-4319-8EC9-4B836B4F4696}.Release|Any CPU.ActiveCfg = Release|Any CPU
		{D777B017-72C8-4319-8EC9-4B836B4F4696}.Release|Any CPU.Build.0 = Release|Any CPU
		{636A6238-EECA-41BA-B5F7-FBE5579970B3}.Debug|Any CPU.ActiveCfg = Debug|Any CPU
		{636A6238-EECA-41BA-B5F7-FBE5579970B3}.Debug|Any CPU.Build.0 = Debug|Any CPU
		{636A6238-EECA-41BA-B5F7-FBE5579970B3}.Release|Any CPU.ActiveCfg = Release|Any CPU
		{636A6238-EECA-41BA-B5F7-FBE5579970B3}.Release|Any CPU.Build.0 = Release|Any CPU
		{0856F801-58D9-4578-BB1E-A92A4737EFAC}.Debug|Any CPU.ActiveCfg = Debug|Any CPU
		{0856F801-58D9-4578-BB1E-A92A4737EFAC}.Debug|Any CPU.Build.0 = Debug|Any CPU
		{0856F801-58D9-4578-BB1E-A92A4737EFAC}.Release|Any CPU.ActiveCfg = Release|Any CPU
		{0856F801-58D9-4578-BB1E-A92A4737EFAC}.Release|Any CPU.Build.0 = Release|Any CPU
		{120C603A-82C4-45AE-B58D-38B9AB82C159}.Debug|Any CPU.ActiveCfg = Debug|Any CPU
		{120C603A-82C4-45AE-B58D-38B9AB82C159}.Debug|Any CPU.Build.0 = Debug|Any CPU
		{120C603A-82C4-45AE-B58D-38B9AB82C159}.Release|Any CPU.ActiveCfg = Release|Any CPU
		{120C603A-82C4-45AE-B58D-38B9AB82C159}.Release|Any CPU.Build.0 = Release|Any CPU
		{3F0BA954-A534-404D-ACAC-C7C0D479A178}.Debug|Any CPU.ActiveCfg = Debug|Any CPU
		{3F0BA954-A534-404D-ACAC-C7C0D479A178}.Debug|Any CPU.Build.0 = Debug|Any CPU
		{3F0BA954-A534-404D-ACAC-C7C0D479A178}.Release|Any CPU.ActiveCfg = Release|Any CPU
		{3F0BA954-A534-404D-ACAC-C7C0D479A178}.Release|Any CPU.Build.0 = Release|Any CPU
		{2F2DE8FB-6F8E-428E-83C2-474D32214D56}.Debug|Any CPU.ActiveCfg = Debug|Any CPU
		{2F2DE8FB-6F8E-428E-83C2-474D32214D56}.Debug|Any CPU.Build.0 = Debug|Any CPU
		{2F2DE8FB-6F8E-428E-83C2-474D32214D56}.Release|Any CPU.ActiveCfg = Release|Any CPU
		{2F2DE8FB-6F8E-428E-83C2-474D32214D56}.Release|Any CPU.Build.0 = Release|Any CPU
		{2FF7332B-EE5F-47BE-A886-BBABE73BA667}.Debug|Any CPU.ActiveCfg = Debug|Any CPU
		{2FF7332B-EE5F-47BE-A886-BBABE73BA667}.Debug|Any CPU.Build.0 = Debug|Any CPU
		{2FF7332B-EE5F-47BE-A886-BBABE73BA667}.Release|Any CPU.ActiveCfg = Release|Any CPU
		{2FF7332B-EE5F-47BE-A886-BBABE73BA667}.Release|Any CPU.Build.0 = Release|Any CPU
		{87091B0E-8CB6-4469-BAAE-C2C4379E2E78}.Debug|Any CPU.ActiveCfg = Debug|Any CPU
		{87091B0E-8CB6-4469-BAAE-C2C4379E2E78}.Debug|Any CPU.Build.0 = Debug|Any CPU
		{87091B0E-8CB6-4469-BAAE-C2C4379E2E78}.Release|Any CPU.ActiveCfg = Release|Any CPU
		{87091B0E-8CB6-4469-BAAE-C2C4379E2E78}.Release|Any CPU.Build.0 = Release|Any CPU
		{F3B88281-236F-4B2D-A15C-7F08AF300383}.Debug|Any CPU.ActiveCfg = Debug|Any CPU
		{F3B88281-236F-4B2D-A15C-7F08AF300383}.Debug|Any CPU.Build.0 = Debug|Any CPU
		{F3B88281-236F-4B2D-A15C-7F08AF300383}.Release|Any CPU.ActiveCfg = Release|Any CPU
		{F3B88281-236F-4B2D-A15C-7F08AF300383}.Release|Any CPU.Build.0 = Release|Any CPU
		{AA1FE3D7-F3C2-450B-B779-C14E33FB6270}.Debug|Any CPU.ActiveCfg = Debug|Any CPU
		{AA1FE3D7-F3C2-450B-B779-C14E33FB6270}.Debug|Any CPU.Build.0 = Debug|Any CPU
		{AA1FE3D7-F3C2-450B-B779-C14E33FB6270}.Release|Any CPU.ActiveCfg = Release|Any CPU
		{AA1FE3D7-F3C2-450B-B779-C14E33FB6270}.Release|Any CPU.Build.0 = Release|Any CPU
	EndGlobalSection
	GlobalSection(SolutionProperties) = preSolution
		HideSolutionNode = FALSE
	EndGlobalSection
	GlobalSection(NestedProjects) = preSolution
		{E5F1CE48-7EA5-4EC2-8E0D-1F8161D05F9B} = {B0F007E1-3A70-40D0-BBB4-29463DB72883}
		{685F12DA-E8B0-4F7D-B2FA-020E8BF88557} = {B1B9595A-946B-4BAB-B8DE-357525B2B9C7}
		{C4A429DE-4086-4F48-977E-F2D898645964} = {B1B9595A-946B-4BAB-B8DE-357525B2B9C7}
		{AF1CDD0D-E3F0-49C4-89D5-9C977C8D79AA} = {E5F1CE48-7EA5-4EC2-8E0D-1F8161D05F9B}
		{EC3744B8-6AE2-4F96-A2DA-C0C5155C056D} = {B0F007E1-3A70-40D0-BBB4-29463DB72883}
		{B3092486-FF3E-4532-B638-1144DA6226D9} = {B0F007E1-3A70-40D0-BBB4-29463DB72883}
		{DD2D9119-CAFC-4CEA-A9B5-8EB40F1E9593} = {B0F007E1-3A70-40D0-BBB4-29463DB72883}
		{E1D43ADE-5209-4502-8042-E4F0DFEEE06D} = {B0F007E1-3A70-40D0-BBB4-29463DB72883}
		{E36A8ED1-1227-4C1B-AAFF-32486B00D20D} = {E1D43ADE-5209-4502-8042-E4F0DFEEE06D}
		{62BC4E74-1F11-4E99-B99A-F58168B1C43B} = {B0F007E1-3A70-40D0-BBB4-29463DB72883}
		{15C574CB-C5AC-4DDA-9884-35FC94CA667D} = {62BC4E74-1F11-4E99-B99A-F58168B1C43B}
		{2ADDC8F6-2D97-444D-93E0-1B4F6881F994} = {62BC4E74-1F11-4E99-B99A-F58168B1C43B}
		{87435424-1A32-44A8-9A08-2A6C866DB4EB} = {62BC4E74-1F11-4E99-B99A-F58168B1C43B}
		{71350DEB-3224-428F-B982-E7E595379E80} = {62BC4E74-1F11-4E99-B99A-F58168B1C43B}
		{25B52894-DD26-4621-A354-6B6D6143204B} = {62BC4E74-1F11-4E99-B99A-F58168B1C43B}
		{D777B017-72C8-4319-8EC9-4B836B4F4696} = {62BC4E74-1F11-4E99-B99A-F58168B1C43B}
		{938388CA-9C83-48D5-970E-6660292A9027} = {62BC4E74-1F11-4E99-B99A-F58168B1C43B}
		{636A6238-EECA-41BA-B5F7-FBE5579970B3} = {938388CA-9C83-48D5-970E-6660292A9027}
		{0856F801-58D9-4578-BB1E-A92A4737EFAC} = {938388CA-9C83-48D5-970E-6660292A9027}
		{120C603A-82C4-45AE-B58D-38B9AB82C159} = {938388CA-9C83-48D5-970E-6660292A9027}
		{3F0BA954-A534-404D-ACAC-C7C0D479A178} = {81F02216-E906-4CEE-A9E4-B9E74444B896}
		{2F2DE8FB-6F8E-428E-83C2-474D32214D56} = {81F02216-E906-4CEE-A9E4-B9E74444B896}
		{2FF7332B-EE5F-47BE-A886-BBABE73BA667} = {81F02216-E906-4CEE-A9E4-B9E74444B896}
		{87091B0E-8CB6-4469-BAAE-C2C4379E2E78} = {81F02216-E906-4CEE-A9E4-B9E74444B896}
		{F3B88281-236F-4B2D-A15C-7F08AF300383} = {81F02216-E906-4CEE-A9E4-B9E74444B896}
		{AA1FE3D7-F3C2-450B-B779-C14E33FB6270} = {81F02216-E906-4CEE-A9E4-B9E74444B896}
	EndGlobalSection
	GlobalSection(ExtensibilityGlobals) = postSolution
		SolutionGuid = {314AAF0F-FB08-4E53-AB50-D91AD88F1B5D}
	EndGlobalSection
EndGlobal
